
Microsoft Visual Studio Solution File, Format Version 12.00
# Visual Studio Version 17
VisualStudioVersion = 17.5.33414.496
MinimumVisualStudioVersion = 10.0.40219.1
Project("{FAE04EC0-301F-11D3-BF4B-00C04F79EFBC}") = "TareaS1Calculadora.Android", "TareaS1Calculadora.Android\TareaS1Calculadora.Android.csproj", "{3242F712-1B97-4640-88F5-569F4B30F96C}"
EndProject
Project("{FAE04EC0-301F-11D3-BF4B-00C04F79EFBC}") = "TareaS1Calculadora", "TareaS1Calculadora\TareaS1Calculadora.csproj", "{D8528D95-D7B8-4F12-B73A-99D4220169DA}"
EndProject
Global
	GlobalSection(SolutionConfigurationPlatforms) = preSolution
		Debug|Any CPU = Debug|Any CPU
		Release|Any CPU = Release|Any CPU
	EndGlobalSection
	GlobalSection(ProjectConfigurationPlatforms) = postSolution
		{3242F712-1B97-4640-88F5-569F4B30F96C}.Debug|Any CPU.ActiveCfg = Debug|Any CPU
		{3242F712-1B97-4640-88F5-569F4B30F96C}.Debug|Any CPU.Build.0 = Debug|Any CPU
		{3242F712-1B97-4640-88F5-569F4B30F96C}.Debug|Any CPU.Deploy.0 = Debug|Any CPU
		{3242F712-1B97-4640-88F5-569F4B30F96C}.Release|Any CPU.ActiveCfg = Release|Any CPU
		{3242F712-1B97-4640-88F5-569F4B30F96C}.Release|Any CPU.Build.0 = Release|Any CPU
		{3242F712-1B97-4640-88F5-569F4B30F96C}.Release|Any CPU.Deploy.0 = Release|Any CPU
		{D8528D95-D7B8-4F12-B73A-99D4220169DA}.Debug|Any CPU.ActiveCfg = Debug|Any CPU
		{D8528D95-D7B8-4F12-B73A-99D4220169DA}.Debug|Any CPU.Build.0 = Debug|Any CPU
		{D8528D95-D7B8-4F12-B73A-99D4220169DA}.Debug|Any CPU.Deploy.0 = Debug|Any CPU
		{D8528D95-D7B8-4F12-B73A-99D4220169DA}.Release|Any CPU.ActiveCfg = Release|Any CPU
		{D8528D95-D7B8-4F12-B73A-99D4220169DA}.Release|Any CPU.Build.0 = Release|Any CPU
		{D8528D95-D7B8-4F12-B73A-99D4220169DA}.Release|Any CPU.Deploy.0 = Release|Any CPU
	EndGlobalSection
	GlobalSection(SolutionProperties) = preSolution
		HideSolutionNode = FALSE
	EndGlobalSection
	GlobalSection(ExtensibilityGlobals) = postSolution
		SolutionGuid = {FA723BA8-70AE-45E7-BECC-1021F6CC6ACC}
	EndGlobalSection
EndGlobal
